
Microsoft Visual Studio Solution File, Format Version 12.00
# Visual Studio 15
VisualStudioVersion = 15.0.28010.2046
MinimumVisualStudioVersion = 10.0.40219.1
Project("{FAE04EC0-301F-11D3-BF4B-00C04F79EFBC}") = "MapTesting.Android", "MapTesting\MapTesting.Android\MapTesting.Android.csproj", "{6CB6C9FA-666A-40FA-831B-A8C271EA5FAC}"
EndProject
Project("{FAE04EC0-301F-11D3-BF4B-00C04F79EFBC}") = "MapTesting.iOS", "MapTesting\MapTesting.iOS\MapTesting.iOS.csproj", "{137EB869-E558-48BC-B6CA-93DF0DFED6B0}"
EndProject
Project("{FAE04EC0-301F-11D3-BF4B-00C04F79EFBC}") = "MapTesting", "MapTesting\MapTesting\MapTesting.csproj", "{56EBCD65-9899-405D-BF49-315EEA318EA6}"
EndProject
Global
	GlobalSection(SolutionConfigurationPlatforms) = preSolution
		Ad-Hoc|Any CPU = Ad-Hoc|Any CPU
		Ad-Hoc|iPhone = Ad-Hoc|iPhone
		Ad-Hoc|iPhoneSimulator = Ad-Hoc|iPhoneSimulator
		AppStore|Any CPU = AppStore|Any CPU
		AppStore|iPhone = AppStore|iPhone
		AppStore|iPhoneSimulator = AppStore|iPhoneSimulator
		Debug|Any CPU = Debug|Any CPU
		Debug|iPhone = Debug|iPhone
		Debug|iPhoneSimulator = Debug|iPhoneSimulator
		Release|Any CPU = Release|Any CPU
		Release|iPhone = Release|iPhone
		Release|iPhoneSimulator = Release|iPhoneSimulator
	EndGlobalSection
	GlobalSection(ProjectConfigurationPlatforms) = postSolution
		{6CB6C9FA-666A-40FA-831B-A8C271EA5FAC}.Ad-Hoc|Any CPU.ActiveCfg = Release|Any CPU
		{6CB6C9FA-666A-40FA-831B-A8C271EA5FAC}.Ad-Hoc|Any CPU.Build.0 = Release|Any CPU
		{6CB6C9FA-666A-40FA-831B-A8C271EA5FAC}.Ad-Hoc|Any CPU.Deploy.0 = Release|Any CPU
		{6CB6C9FA-666A-40FA-831B-A8C271EA5FAC}.Ad-Hoc|iPhone.ActiveCfg = Release|Any CPU
		{6CB6C9FA-666A-40FA-831B-A8C271EA5FAC}.Ad-Hoc|iPhone.Build.0 = Release|Any CPU
		{6CB6C9FA-666A-40FA-831B-A8C271EA5FAC}.Ad-Hoc|iPhone.Deploy.0 = Release|Any CPU
		{6CB6C9FA-666A-40FA-831B-A8C271EA5FAC}.Ad-Hoc|iPhoneSimulator.ActiveCfg = Release|Any CPU
		{6CB6C9FA-666A-40FA-831B-A8C271EA5FAC}.Ad-Hoc|iPhoneSimulator.Build.0 = Release|Any CPU
		{6CB6C9FA-666A-40FA-831B-A8C271EA5FAC}.Ad-Hoc|iPhoneSimulator.Deploy.0 = Release|Any CPU
		{6CB6C9FA-666A-40FA-831B-A8C271EA5FAC}.AppStore|Any CPU.ActiveCfg = Release|Any CPU
		{6CB6C9FA-666A-40FA-831B-A8C271EA5FAC}.AppStore|Any CPU.Build.0 = Release|Any CPU
		{6CB6C9FA-666A-40FA-831B-A8C271EA5FAC}.AppStore|Any CPU.Deploy.0 = Release|Any CPU
		{6CB6C9FA-666A-40FA-831B-A8C271EA5FAC}.AppStore|iPhone.ActiveCfg = Release|Any CPU
		{6CB6C9FA-666A-40FA-831B-A8C271EA5FAC}.AppStore|iPhone.Build.0 = Release|Any CPU
		{6CB6C9FA-666A-40FA-831B-A8C271EA5FAC}.AppStore|iPhone.Deploy.0 = Release|Any CPU
		{6CB6C9FA-666A-40FA-831B-A8C271EA5FAC}.AppStore|iPhoneSimulator.ActiveCfg = Release|Any CPU
		{6CB6C9FA-666A-40FA-831B-A8C271EA5FAC}.AppStore|iPhoneSimulator.Build.0 = Release|Any CPU
		{6CB6C9FA-666A-40FA-831B-A8C271EA5FAC}.AppStore|iPhoneSimulator.Deploy.0 = Release|Any CPU
		{6CB6C9FA-666A-40FA-831B-A8C271EA5FAC}.Debug|Any CPU.ActiveCfg = Debug|Any CPU
		{6CB6C9FA-666A-40FA-831B-A8C271EA5FAC}.Debug|Any CPU.Build.0 = Debug|Any CPU
		{6CB6C9FA-666A-40FA-831B-A8C271EA5FAC}.Debug|Any CPU.Deploy.0 = Debug|Any CPU
		{6CB6C9FA-666A-40FA-831B-A8C271EA5FAC}.Debug|iPhone.ActiveCfg = Debug|Any CPU
		{6CB6C9FA-666A-40FA-831B-A8C271EA5FAC}.Debug|iPhone.Build.0 = Debug|Any CPU
		{6CB6C9FA-666A-40FA-831B-A8C271EA5FAC}.Debug|iPhone.Deploy.0 = Debug|Any CPU
		{6CB6C9FA-666A-40FA-831B-A8C271EA5FAC}.Debug|iPhoneSimulator.ActiveCfg = Debug|Any CPU
		{6CB6C9FA-666A-40FA-831B-A8C271EA5FAC}.Debug|iPhoneSimulator.Build.0 = Debug|Any CPU
		{6CB6C9FA-666A-40FA-831B-A8C271EA5FAC}.Debug|iPhoneSimulator.Deploy.0 = Debug|Any CPU
		{6CB6C9FA-666A-40FA-831B-A8C271EA5FAC}.Release|Any CPU.ActiveCfg = Release|Any CPU
		{6CB6C9FA-666A-40FA-831B-A8C271EA5FAC}.Release|Any CPU.Build.0 = Release|Any CPU
		{6CB6C9FA-666A-40FA-831B-A8C271EA5FAC}.Release|Any CPU.Deploy.0 = Release|Any CPU
		{6CB6C9FA-666A-40FA-831B-A8C271EA5FAC}.Release|iPhone.ActiveCfg = Release|Any CPU
		{6CB6C9FA-666A-40FA-831B-A8C271EA5FAC}.Release|iPhone.Build.0 = Release|Any CPU
		{6CB6C9FA-666A-40FA-831B-A8C271EA5FAC}.Release|iPhone.Deploy.0 = Release|Any CPU
		{6CB6C9FA-666A-40FA-831B-A8C271EA5FAC}.Release|iPhoneSimulator.ActiveCfg = Release|Any CPU
		{6CB6C9FA-666A-40FA-831B-A8C271EA5FAC}.Release|iPhoneSimulator.Build.0 = Release|Any CPU
		{6CB6C9FA-666A-40FA-831B-A8C271EA5FAC}.Release|iPhoneSimulator.Deploy.0 = Release|Any CPU
		{137EB869-E558-48BC-B6CA-93DF0DFED6B0}.Ad-Hoc|Any CPU.ActiveCfg = Ad-Hoc|iPhone
		{137EB869-E558-48BC-B6CA-93DF0DFED6B0}.Ad-Hoc|Any CPU.Build.0 = Ad-Hoc|iPhone
		{137EB869-E558-48BC-B6CA-93DF0DFED6B0}.Ad-Hoc|Any CPU.Deploy.0 = Ad-Hoc|iPhone
		{137EB869-E558-48BC-B6CA-93DF0DFED6B0}.Ad-Hoc|iPhone.ActiveCfg = Ad-Hoc|iPhone
		{137EB869-E558-48BC-B6CA-93DF0DFED6B0}.Ad-Hoc|iPhone.Build.0 = Ad-Hoc|iPhone
		{137EB869-E558-48BC-B6CA-93DF0DFED6B0}.Ad-Hoc|iPhone.Deploy.0 = Ad-Hoc|iPhone
		{137EB869-E558-48BC-B6CA-93DF0DFED6B0}.Ad-Hoc|iPhoneSimulator.ActiveCfg = Ad-Hoc|iPhoneSimulator
		{137EB869-E558-48BC-B6CA-93DF0DFED6B0}.Ad-Hoc|iPhoneSimulator.Build.0 = Ad-Hoc|iPhoneSimulator
		{137EB869-E558-48BC-B6CA-93DF0DFED6B0}.Ad-Hoc|iPhoneSimulator.Deploy.0 = Ad-Hoc|iPhoneSimulator
		{137EB869-E558-48BC-B6CA-93DF0DFED6B0}.AppStore|Any CPU.ActiveCfg = AppStore|iPhone
		{137EB869-E558-48BC-B6CA-93DF0DFED6B0}.AppStore|Any CPU.Build.0 = AppStore|iPhone
		{137EB869-E558-48BC-B6CA-93DF0DFED6B0}.AppStore|Any CPU.Deploy.0 = AppStore|iPhone
		{137EB869-E558-48BC-B6CA-93DF0DFED6B0}.AppStore|iPhone.ActiveCfg = AppStore|iPhone
		{137EB869-E558-48BC-B6CA-93DF0DFED6B0}.AppStore|iPhone.Build.0 = AppStore|iPhone
		{137EB869-E558-48BC-B6CA-93DF0DFED6B0}.AppStore|iPhone.Deploy.0 = AppStore|iPhone
		{137EB869-E558-48BC-B6CA-93DF0DFED6B0}.AppStore|iPhoneSimulator.ActiveCfg = AppStore|iPhoneSimulator
		{137EB869-E558-48BC-B6CA-93DF0DFED6B0}.AppStore|iPhoneSimulator.Build.0 = AppStore|iPhoneSimulator
		{137EB869-E558-48BC-B6CA-93DF0DFED6B0}.AppStore|iPhoneSimulator.Deploy.0 = AppStore|iPhoneSimulator
		{137EB869-E558-48BC-B6CA-93DF0DFED6B0}.Debug|Any CPU.ActiveCfg = Debug|iPhoneSimulator
		{137EB869-E558-48BC-B6CA-93DF0DFED6B0}.Debug|Any CPU.Build.0 = Debug|iPhoneSimulator
		{137EB869-E558-48BC-B6CA-93DF0DFED6B0}.Debug|Any CPU.Deploy.0 = Debug|iPhoneSimulator
		{137EB869-E558-48BC-B6CA-93DF0DFED6B0}.Debug|iPhone.ActiveCfg = Debug|iPhone
		{137EB869-E558-48BC-B6CA-93DF0DFED6B0}.Debug|iPhone.Build.0 = Debug|iPhone
		{137EB869-E558-48BC-B6CA-93DF0DFED6B0}.Debug|iPhone.Deploy.0 = Debug|iPhone
		{137EB869-E558-48BC-B6CA-93DF0DFED6B0}.Debug|iPhoneSimulator.ActiveCfg = Debug|iPhoneSimulator
		{137EB869-E558-48BC-B6CA-93DF0DFED6B0}.Debug|iPhoneSimulator.Build.0 = Debug|iPhoneSimulator
		{137EB869-E558-48BC-B6CA-93DF0DFED6B0}.Debug|iPhoneSimulator.Deploy.0 = Debug|iPhoneSimulator
		{137EB869-E558-48BC-B6CA-93DF0DFED6B0}.Release|Any CPU.ActiveCfg = Release|iPhone
		{137EB869-E558-48BC-B6CA-93DF0DFED6B0}.Release|Any CPU.Build.0 = Release|iPhone
		{137EB869-E558-48BC-B6CA-93DF0DFED6B0}.Release|Any CPU.Deploy.0 = Release|iPhone
		{137EB869-E558-48BC-B6CA-93DF0DFED6B0}.Release|iPhone.ActiveCfg = Release|iPhone
		{137EB869-E558-48BC-B6CA-93DF0DFED6B0}.Release|iPhone.Build.0 = Release|iPhone
		{137EB869-E558-48BC-B6CA-93DF0DFED6B0}.Release|iPhone.Deploy.0 = Release|iPhone
		{137EB869-E558-48BC-B6CA-93DF0DFED6B0}.Release|iPhoneSimulator.ActiveCfg = Release|iPhoneSimulator
		{137EB869-E558-48BC-B6CA-93DF0DFED6B0}.Release|iPhoneSimulator.Build.0 = Release|iPhoneSimulator
		{137EB869-E558-48BC-B6CA-93DF0DFED6B0}.Release|iPhoneSimulator.Deploy.0 = Release|iPhoneSimulator
		{56EBCD65-9899-405D-BF49-315EEA318EA6}.Ad-Hoc|Any CPU.ActiveCfg = Debug|Any CPU
		{56EBCD65-9899-405D-BF49-315EEA318EA6}.Ad-Hoc|Any CPU.Build.0 = Debug|Any CPU
		{56EBCD65-9899-405D-BF49-315EEA318EA6}.Ad-Hoc|Any CPU.Deploy.0 = Debug|Any CPU
		{56EBCD65-9899-405D-BF49-315EEA318EA6}.Ad-Hoc|iPhone.ActiveCfg = Debug|Any CPU
		{56EBCD65-9899-405D-BF49-315EEA318EA6}.Ad-Hoc|iPhone.Build.0 = Debug|Any CPU
		{56EBCD65-9899-405D-BF49-315EEA318EA6}.Ad-Hoc|iPhone.Deploy.0 = Debug|Any CPU
		{56EBCD65-9899-405D-BF49-315EEA318EA6}.Ad-Hoc|iPhoneSimulator.ActiveCfg = Debug|Any CPU
		{56EBCD65-9899-405D-BF49-315EEA318EA6}.Ad-Hoc|iPhoneSimulator.Build.0 = Debug|Any CPU
		{56EBCD65-9899-405D-BF49-315EEA318EA6}.Ad-Hoc|iPhoneSimulator.Deploy.0 = Debug|Any CPU
		{56EBCD65-9899-405D-BF49-315EEA318EA6}.AppStore|Any CPU.ActiveCfg = Debug|Any CPU
		{56EBCD65-9899-405D-BF49-315EEA318EA6}.AppStore|Any CPU.Build.0 = Debug|Any CPU
		{56EBCD65-9899-405D-BF49-315EEA318EA6}.AppStore|Any CPU.Deploy.0 = Debug|Any CPU
		{56EBCD65-9899-405D-BF49-315EEA318EA6}.AppStore|iPhone.ActiveCfg = Debug|Any CPU
		{56EBCD65-9899-405D-BF49-315EEA318EA6}.AppStore|iPhone.Build.0 = Debug|Any CPU
		{56EBCD65-9899-405D-BF49-315EEA318EA6}.AppStore|iPhone.Deploy.0 = Debug|Any CPU
		{56EBCD65-9899-405D-BF49-315EEA318EA6}.AppStore|iPhoneSimulator.ActiveCfg = Debug|Any CPU
		{56EBCD65-9899-405D-BF49-315EEA318EA6}.AppStore|iPhoneSimulator.Build.0 = Debug|Any CPU
		{56EBCD65-9899-405D-BF49-315EEA318EA6}.AppStore|iPhoneSimulator.Deploy.0 = Debug|Any CPU
		{56EBCD65-9899-405D-BF49-315EEA318EA6}.Debug|Any CPU.ActiveCfg = Debug|Any CPU
		{56EBCD65-9899-405D-BF49-315EEA318EA6}.Debug|Any CPU.Build.0 = Debug|Any CPU
		{56EBCD65-9899-405D-BF49-315EEA318EA6}.Debug|Any CPU.Deploy.0 = Debug|Any CPU
		{56EBCD65-9899-405D-BF49-315EEA318EA6}.Debug|iPhone.ActiveCfg = Debug|Any CPU
		{56EBCD65-9899-405D-BF49-315EEA318EA6}.Debug|iPhone.Build.0 = Debug|Any CPU
		{56EBCD65-9899-405D-BF49-315EEA318EA6}.Debug|iPhone.Deploy.0 = Debug|Any CPU
		{56EBCD65-9899-405D-BF49-315EEA318EA6}.Debug|iPhoneSimulator.ActiveCfg = Debug|Any CPU
		{56EBCD65-9899-405D-BF49-315EEA318EA6}.Debug|iPhoneSimulator.Build.0 = Debug|Any CPU
		{56EBCD65-9899-405D-BF49-315EEA318EA6}.Debug|iPhoneSimulator.Deploy.0 = Debug|Any CPU
		{56EBCD65-9899-405D-BF49-315EEA318EA6}.Release|Any CPU.ActiveCfg = Release|Any CPU
		{56EBCD65-9899-405D-BF49-315EEA318EA6}.Release|Any CPU.Build.0 = Release|Any CPU
		{56EBCD65-9899-405D-BF49-315EEA318EA6}.Release|Any CPU.Deploy.0 = Release|Any CPU
		{56EBCD65-9899-405D-BF49-315EEA318EA6}.Release|iPhone.ActiveCfg = Release|Any CPU
		{56EBCD65-9899-405D-BF49-315EEA318EA6}.Release|iPhone.Build.0 = Release|Any CPU
		{56EBCD65-9899-405D-BF49-315EEA318EA6}.Release|iPhone.Deploy.0 = Release|Any CPU
		{56EBCD65-9899-405D-BF49-315EEA318EA6}.Release|iPhoneSimulator.ActiveCfg = Release|Any CPU
		{56EBCD65-9899-405D-BF49-315EEA318EA6}.Release|iPhoneSimulator.Build.0 = Release|Any CPU
		{56EBCD65-9899-405D-BF49-315EEA318EA6}.Release|iPhoneSimulator.Deploy.0 = Release|Any CPU
	EndGlobalSection
	GlobalSection(SolutionProperties) = preSolution
		HideSolutionNode = FALSE
	EndGlobalSection
	GlobalSection(ExtensibilityGlobals) = postSolution
		SolutionGuid = {9A7843E2-5465-4E58-876F-36EAAC6C8DA7}
	EndGlobalSection
EndGlobal
