
Microsoft Visual Studio Solution File, Format Version 12.00
# Visual Studio 15
VisualStudioVersion = 15.0.28010.2046
MinimumVisualStudioVersion = 10.0.40219.1
Project("{FAE04EC0-301F-11D3-BF4B-00C04F79EFBC}") = "GMapTesting.Android", "GMapTesting\GMapTesting.Android\GMapTesting.Android.csproj", "{E5D13A0F-C2D5-4229-9EF8-04D80F272973}"
EndProject
Project("{FAE04EC0-301F-11D3-BF4B-00C04F79EFBC}") = "GMapTesting.iOS", "GMapTesting\GMapTesting.iOS\GMapTesting.iOS.csproj", "{70743A3B-C09B-4C79-99DD-AFC1B99B49F6}"
EndProject
Project("{FAE04EC0-301F-11D3-BF4B-00C04F79EFBC}") = "GMapTesting", "GMapTesting\GMapTesting\GMapTesting.csproj", "{BC082CD9-7C05-42E0-8321-AB9DCB13B67E}"
EndProject
Global
	GlobalSection(SolutionConfigurationPlatforms) = preSolution
		Ad-Hoc|Any CPU = Ad-Hoc|Any CPU
		Ad-Hoc|iPhone = Ad-Hoc|iPhone
		Ad-Hoc|iPhoneSimulator = Ad-Hoc|iPhoneSimulator
		AppStore|Any CPU = AppStore|Any CPU
		AppStore|iPhone = AppStore|iPhone
		AppStore|iPhoneSimulator = AppStore|iPhoneSimulator
		Debug|Any CPU = Debug|Any CPU
		Debug|iPhone = Debug|iPhone
		Debug|iPhoneSimulator = Debug|iPhoneSimulator
		Release|Any CPU = Release|Any CPU
		Release|iPhone = Release|iPhone
		Release|iPhoneSimulator = Release|iPhoneSimulator
	EndGlobalSection
	GlobalSection(ProjectConfigurationPlatforms) = postSolution
		{E5D13A0F-C2D5-4229-9EF8-04D80F272973}.Ad-Hoc|Any CPU.ActiveCfg = Release|Any CPU
		{E5D13A0F-C2D5-4229-9EF8-04D80F272973}.Ad-Hoc|Any CPU.Build.0 = Release|Any CPU
		{E5D13A0F-C2D5-4229-9EF8-04D80F272973}.Ad-Hoc|Any CPU.Deploy.0 = Release|Any CPU
		{E5D13A0F-C2D5-4229-9EF8-04D80F272973}.Ad-Hoc|iPhone.ActiveCfg = Release|Any CPU
		{E5D13A0F-C2D5-4229-9EF8-04D80F272973}.Ad-Hoc|iPhone.Build.0 = Release|Any CPU
		{E5D13A0F-C2D5-4229-9EF8-04D80F272973}.Ad-Hoc|iPhone.Deploy.0 = Release|Any CPU
		{E5D13A0F-C2D5-4229-9EF8-04D80F272973}.Ad-Hoc|iPhoneSimulator.ActiveCfg = Release|Any CPU
		{E5D13A0F-C2D5-4229-9EF8-04D80F272973}.Ad-Hoc|iPhoneSimulator.Build.0 = Release|Any CPU
		{E5D13A0F-C2D5-4229-9EF8-04D80F272973}.Ad-Hoc|iPhoneSimulator.Deploy.0 = Release|Any CPU
		{E5D13A0F-C2D5-4229-9EF8-04D80F272973}.AppStore|Any CPU.ActiveCfg = Release|Any CPU
		{E5D13A0F-C2D5-4229-9EF8-04D80F272973}.AppStore|Any CPU.Build.0 = Release|Any CPU
		{E5D13A0F-C2D5-4229-9EF8-04D80F272973}.AppStore|Any CPU.Deploy.0 = Release|Any CPU
		{E5D13A0F-C2D5-4229-9EF8-04D80F272973}.AppStore|iPhone.ActiveCfg = Release|Any CPU
		{E5D13A0F-C2D5-4229-9EF8-04D80F272973}.AppStore|iPhone.Build.0 = Release|Any CPU
		{E5D13A0F-C2D5-4229-9EF8-04D80F272973}.AppStore|iPhone.Deploy.0 = Release|Any CPU
		{E5D13A0F-C2D5-4229-9EF8-04D80F272973}.AppStore|iPhoneSimulator.ActiveCfg = Release|Any CPU
		{E5D13A0F-C2D5-4229-9EF8-04D80F272973}.AppStore|iPhoneSimulator.Build.0 = Release|Any CPU
		{E5D13A0F-C2D5-4229-9EF8-04D80F272973}.AppStore|iPhoneSimulator.Deploy.0 = Release|Any CPU
		{E5D13A0F-C2D5-4229-9EF8-04D80F272973}.Debug|Any CPU.ActiveCfg = Debug|Any CPU
		{E5D13A0F-C2D5-4229-9EF8-04D80F272973}.Debug|Any CPU.Build.0 = Debug|Any CPU
		{E5D13A0F-C2D5-4229-9EF8-04D80F272973}.Debug|Any CPU.Deploy.0 = Debug|Any CPU
		{E5D13A0F-C2D5-4229-9EF8-04D80F272973}.Debug|iPhone.ActiveCfg = Debug|Any CPU
		{E5D13A0F-C2D5-4229-9EF8-04D80F272973}.Debug|iPhone.Build.0 = Debug|Any CPU
		{E5D13A0F-C2D5-4229-9EF8-04D80F272973}.Debug|iPhone.Deploy.0 = Debug|Any CPU
		{E5D13A0F-C2D5-4229-9EF8-04D80F272973}.Debug|iPhoneSimulator.ActiveCfg = Debug|Any CPU
		{E5D13A0F-C2D5-4229-9EF8-04D80F272973}.Debug|iPhoneSimulator.Build.0 = Debug|Any CPU
		{E5D13A0F-C2D5-4229-9EF8-04D80F272973}.Debug|iPhoneSimulator.Deploy.0 = Debug|Any CPU
		{E5D13A0F-C2D5-4229-9EF8-04D80F272973}.Release|Any CPU.ActiveCfg = Release|Any CPU
		{E5D13A0F-C2D5-4229-9EF8-04D80F272973}.Release|Any CPU.Build.0 = Release|Any CPU
		{E5D13A0F-C2D5-4229-9EF8-04D80F272973}.Release|Any CPU.Deploy.0 = Release|Any CPU
		{E5D13A0F-C2D5-4229-9EF8-04D80F272973}.Release|iPhone.ActiveCfg = Release|Any CPU
		{E5D13A0F-C2D5-4229-9EF8-04D80F272973}.Release|iPhone.Build.0 = Release|Any CPU
		{E5D13A0F-C2D5-4229-9EF8-04D80F272973}.Release|iPhone.Deploy.0 = Release|Any CPU
		{E5D13A0F-C2D5-4229-9EF8-04D80F272973}.Release|iPhoneSimulator.ActiveCfg = Release|Any CPU
		{E5D13A0F-C2D5-4229-9EF8-04D80F272973}.Release|iPhoneSimulator.Build.0 = Release|Any CPU
		{E5D13A0F-C2D5-4229-9EF8-04D80F272973}.Release|iPhoneSimulator.Deploy.0 = Release|Any CPU
		{70743A3B-C09B-4C79-99DD-AFC1B99B49F6}.Ad-Hoc|Any CPU.ActiveCfg = Ad-Hoc|iPhone
		{70743A3B-C09B-4C79-99DD-AFC1B99B49F6}.Ad-Hoc|Any CPU.Build.0 = Ad-Hoc|iPhone
		{70743A3B-C09B-4C79-99DD-AFC1B99B49F6}.Ad-Hoc|Any CPU.Deploy.0 = Ad-Hoc|iPhone
		{70743A3B-C09B-4C79-99DD-AFC1B99B49F6}.Ad-Hoc|iPhone.ActiveCfg = Ad-Hoc|iPhone
		{70743A3B-C09B-4C79-99DD-AFC1B99B49F6}.Ad-Hoc|iPhone.Build.0 = Ad-Hoc|iPhone
		{70743A3B-C09B-4C79-99DD-AFC1B99B49F6}.Ad-Hoc|iPhone.Deploy.0 = Ad-Hoc|iPhone
		{70743A3B-C09B-4C79-99DD-AFC1B99B49F6}.Ad-Hoc|iPhoneSimulator.ActiveCfg = Ad-Hoc|iPhoneSimulator
		{70743A3B-C09B-4C79-99DD-AFC1B99B49F6}.Ad-Hoc|iPhoneSimulator.Build.0 = Ad-Hoc|iPhoneSimulator
		{70743A3B-C09B-4C79-99DD-AFC1B99B49F6}.Ad-Hoc|iPhoneSimulator.Deploy.0 = Ad-Hoc|iPhoneSimulator
		{70743A3B-C09B-4C79-99DD-AFC1B99B49F6}.AppStore|Any CPU.ActiveCfg = AppStore|iPhone
		{70743A3B-C09B-4C79-99DD-AFC1B99B49F6}.AppStore|Any CPU.Build.0 = AppStore|iPhone
		{70743A3B-C09B-4C79-99DD-AFC1B99B49F6}.AppStore|Any CPU.Deploy.0 = AppStore|iPhone
		{70743A3B-C09B-4C79-99DD-AFC1B99B49F6}.AppStore|iPhone.ActiveCfg = AppStore|iPhone
		{70743A3B-C09B-4C79-99DD-AFC1B99B49F6}.AppStore|iPhone.Build.0 = AppStore|iPhone
		{70743A3B-C09B-4C79-99DD-AFC1B99B49F6}.AppStore|iPhone.Deploy.0 = AppStore|iPhone
		{70743A3B-C09B-4C79-99DD-AFC1B99B49F6}.AppStore|iPhoneSimulator.ActiveCfg = AppStore|iPhoneSimulator
		{70743A3B-C09B-4C79-99DD-AFC1B99B49F6}.AppStore|iPhoneSimulator.Build.0 = AppStore|iPhoneSimulator
		{70743A3B-C09B-4C79-99DD-AFC1B99B49F6}.AppStore|iPhoneSimulator.Deploy.0 = AppStore|iPhoneSimulator
		{70743A3B-C09B-4C79-99DD-AFC1B99B49F6}.Debug|Any CPU.ActiveCfg = Debug|iPhoneSimulator
		{70743A3B-C09B-4C79-99DD-AFC1B99B49F6}.Debug|Any CPU.Build.0 = Debug|iPhoneSimulator
		{70743A3B-C09B-4C79-99DD-AFC1B99B49F6}.Debug|Any CPU.Deploy.0 = Debug|iPhoneSimulator
		{70743A3B-C09B-4C79-99DD-AFC1B99B49F6}.Debug|iPhone.ActiveCfg = Debug|iPhone
		{70743A3B-C09B-4C79-99DD-AFC1B99B49F6}.Debug|iPhone.Build.0 = Debug|iPhone
		{70743A3B-C09B-4C79-99DD-AFC1B99B49F6}.Debug|iPhone.Deploy.0 = Debug|iPhone
		{70743A3B-C09B-4C79-99DD-AFC1B99B49F6}.Debug|iPhoneSimulator.ActiveCfg = Debug|iPhoneSimulator
		{70743A3B-C09B-4C79-99DD-AFC1B99B49F6}.Debug|iPhoneSimulator.Build.0 = Debug|iPhoneSimulator
		{70743A3B-C09B-4C79-99DD-AFC1B99B49F6}.Debug|iPhoneSimulator.Deploy.0 = Debug|iPhoneSimulator
		{70743A3B-C09B-4C79-99DD-AFC1B99B49F6}.Release|Any CPU.ActiveCfg = Release|iPhone
		{70743A3B-C09B-4C79-99DD-AFC1B99B49F6}.Release|Any CPU.Build.0 = Release|iPhone
		{70743A3B-C09B-4C79-99DD-AFC1B99B49F6}.Release|Any CPU.Deploy.0 = Release|iPhone
		{70743A3B-C09B-4C79-99DD-AFC1B99B49F6}.Release|iPhone.ActiveCfg = Release|iPhone
		{70743A3B-C09B-4C79-99DD-AFC1B99B49F6}.Release|iPhone.Build.0 = Release|iPhone
		{70743A3B-C09B-4C79-99DD-AFC1B99B49F6}.Release|iPhone.Deploy.0 = Release|iPhone
		{70743A3B-C09B-4C79-99DD-AFC1B99B49F6}.Release|iPhoneSimulator.ActiveCfg = Release|iPhoneSimulator
		{70743A3B-C09B-4C79-99DD-AFC1B99B49F6}.Release|iPhoneSimulator.Build.0 = Release|iPhoneSimulator
		{70743A3B-C09B-4C79-99DD-AFC1B99B49F6}.Release|iPhoneSimulator.Deploy.0 = Release|iPhoneSimulator
		{BC082CD9-7C05-42E0-8321-AB9DCB13B67E}.Ad-Hoc|Any CPU.ActiveCfg = Debug|Any CPU
		{BC082CD9-7C05-42E0-8321-AB9DCB13B67E}.Ad-Hoc|Any CPU.Build.0 = Debug|Any CPU
		{BC082CD9-7C05-42E0-8321-AB9DCB13B67E}.Ad-Hoc|Any CPU.Deploy.0 = Debug|Any CPU
		{BC082CD9-7C05-42E0-8321-AB9DCB13B67E}.Ad-Hoc|iPhone.ActiveCfg = Debug|Any CPU
		{BC082CD9-7C05-42E0-8321-AB9DCB13B67E}.Ad-Hoc|iPhone.Build.0 = Debug|Any CPU
		{BC082CD9-7C05-42E0-8321-AB9DCB13B67E}.Ad-Hoc|iPhone.Deploy.0 = Debug|Any CPU
		{BC082CD9-7C05-42E0-8321-AB9DCB13B67E}.Ad-Hoc|iPhoneSimulator.ActiveCfg = Debug|Any CPU
		{BC082CD9-7C05-42E0-8321-AB9DCB13B67E}.Ad-Hoc|iPhoneSimulator.Build.0 = Debug|Any CPU
		{BC082CD9-7C05-42E0-8321-AB9DCB13B67E}.Ad-Hoc|iPhoneSimulator.Deploy.0 = Debug|Any CPU
		{BC082CD9-7C05-42E0-8321-AB9DCB13B67E}.AppStore|Any CPU.ActiveCfg = Debug|Any CPU
		{BC082CD9-7C05-42E0-8321-AB9DCB13B67E}.AppStore|Any CPU.Build.0 = Debug|Any CPU
		{BC082CD9-7C05-42E0-8321-AB9DCB13B67E}.AppStore|Any CPU.Deploy.0 = Debug|Any CPU
		{BC082CD9-7C05-42E0-8321-AB9DCB13B67E}.AppStore|iPhone.ActiveCfg = Debug|Any CPU
		{BC082CD9-7C05-42E0-8321-AB9DCB13B67E}.AppStore|iPhone.Build.0 = Debug|Any CPU
		{BC082CD9-7C05-42E0-8321-AB9DCB13B67E}.AppStore|iPhone.Deploy.0 = Debug|Any CPU
		{BC082CD9-7C05-42E0-8321-AB9DCB13B67E}.AppStore|iPhoneSimulator.ActiveCfg = Debug|Any CPU
		{BC082CD9-7C05-42E0-8321-AB9DCB13B67E}.AppStore|iPhoneSimulator.Build.0 = Debug|Any CPU
		{BC082CD9-7C05-42E0-8321-AB9DCB13B67E}.AppStore|iPhoneSimulator.Deploy.0 = Debug|Any CPU
		{BC082CD9-7C05-42E0-8321-AB9DCB13B67E}.Debug|Any CPU.ActiveCfg = Debug|Any CPU
		{BC082CD9-7C05-42E0-8321-AB9DCB13B67E}.Debug|Any CPU.Build.0 = Debug|Any CPU
		{BC082CD9-7C05-42E0-8321-AB9DCB13B67E}.Debug|Any CPU.Deploy.0 = Debug|Any CPU
		{BC082CD9-7C05-42E0-8321-AB9DCB13B67E}.Debug|iPhone.ActiveCfg = Debug|Any CPU
		{BC082CD9-7C05-42E0-8321-AB9DCB13B67E}.Debug|iPhone.Build.0 = Debug|Any CPU
		{BC082CD9-7C05-42E0-8321-AB9DCB13B67E}.Debug|iPhone.Deploy.0 = Debug|Any CPU
		{BC082CD9-7C05-42E0-8321-AB9DCB13B67E}.Debug|iPhoneSimulator.ActiveCfg = Debug|Any CPU
		{BC082CD9-7C05-42E0-8321-AB9DCB13B67E}.Debug|iPhoneSimulator.Build.0 = Debug|Any CPU
		{BC082CD9-7C05-42E0-8321-AB9DCB13B67E}.Debug|iPhoneSimulator.Deploy.0 = Debug|Any CPU
		{BC082CD9-7C05-42E0-8321-AB9DCB13B67E}.Release|Any CPU.ActiveCfg = Release|Any CPU
		{BC082CD9-7C05-42E0-8321-AB9DCB13B67E}.Release|Any CPU.Build.0 = Release|Any CPU
		{BC082CD9-7C05-42E0-8321-AB9DCB13B67E}.Release|Any CPU.Deploy.0 = Release|Any CPU
		{BC082CD9-7C05-42E0-8321-AB9DCB13B67E}.Release|iPhone.ActiveCfg = Release|Any CPU
		{BC082CD9-7C05-42E0-8321-AB9DCB13B67E}.Release|iPhone.Build.0 = Release|Any CPU
		{BC082CD9-7C05-42E0-8321-AB9DCB13B67E}.Release|iPhone.Deploy.0 = Release|Any CPU
		{BC082CD9-7C05-42E0-8321-AB9DCB13B67E}.Release|iPhoneSimulator.ActiveCfg = Release|Any CPU
		{BC082CD9-7C05-42E0-8321-AB9DCB13B67E}.Release|iPhoneSimulator.Build.0 = Release|Any CPU
		{BC082CD9-7C05-42E0-8321-AB9DCB13B67E}.Release|iPhoneSimulator.Deploy.0 = Release|Any CPU
	EndGlobalSection
	GlobalSection(SolutionProperties) = preSolution
		HideSolutionNode = FALSE
	EndGlobalSection
	GlobalSection(ExtensibilityGlobals) = postSolution
		SolutionGuid = {62E8C6BE-4CF6-4752-BE84-785E9E335663}
	EndGlobalSection
EndGlobal
