
Microsoft Visual Studio Solution File, Format Version 12.00
# Visual Studio 15
VisualStudioVersion = 15.0.28010.2046
MinimumVisualStudioVersion = 10.0.40219.1
Project("{FAE04EC0-301F-11D3-BF4B-00C04F79EFBC}") = "GMAP1.Android", "GMAP1\GMAP1.Android\GMAP1.Android.csproj", "{B8709319-43EE-4A82-9E8E-57FAB9C344A7}"
EndProject
Project("{FAE04EC0-301F-11D3-BF4B-00C04F79EFBC}") = "GMAP1.iOS", "GMAP1\GMAP1.iOS\GMAP1.iOS.csproj", "{0C216D7B-C66F-4DC0-AA65-3EE4290D5A36}"
EndProject
Project("{FAE04EC0-301F-11D3-BF4B-00C04F79EFBC}") = "GMAP1", "GMAP1\GMAP1\GMAP1.csproj", "{A23F6387-05B7-4616-9ADD-B7E608D5EB78}"
EndProject
Global
	GlobalSection(SolutionConfigurationPlatforms) = preSolution
		Ad-Hoc|Any CPU = Ad-Hoc|Any CPU
		Ad-Hoc|iPhone = Ad-Hoc|iPhone
		Ad-Hoc|iPhoneSimulator = Ad-Hoc|iPhoneSimulator
		AppStore|Any CPU = AppStore|Any CPU
		AppStore|iPhone = AppStore|iPhone
		AppStore|iPhoneSimulator = AppStore|iPhoneSimulator
		Debug|Any CPU = Debug|Any CPU
		Debug|iPhone = Debug|iPhone
		Debug|iPhoneSimulator = Debug|iPhoneSimulator
		Release|Any CPU = Release|Any CPU
		Release|iPhone = Release|iPhone
		Release|iPhoneSimulator = Release|iPhoneSimulator
	EndGlobalSection
	GlobalSection(ProjectConfigurationPlatforms) = postSolution
		{B8709319-43EE-4A82-9E8E-57FAB9C344A7}.Ad-Hoc|Any CPU.ActiveCfg = Release|Any CPU
		{B8709319-43EE-4A82-9E8E-57FAB9C344A7}.Ad-Hoc|Any CPU.Build.0 = Release|Any CPU
		{B8709319-43EE-4A82-9E8E-57FAB9C344A7}.Ad-Hoc|Any CPU.Deploy.0 = Release|Any CPU
		{B8709319-43EE-4A82-9E8E-57FAB9C344A7}.Ad-Hoc|iPhone.ActiveCfg = Release|Any CPU
		{B8709319-43EE-4A82-9E8E-57FAB9C344A7}.Ad-Hoc|iPhone.Build.0 = Release|Any CPU
		{B8709319-43EE-4A82-9E8E-57FAB9C344A7}.Ad-Hoc|iPhone.Deploy.0 = Release|Any CPU
		{B8709319-43EE-4A82-9E8E-57FAB9C344A7}.Ad-Hoc|iPhoneSimulator.ActiveCfg = Release|Any CPU
		{B8709319-43EE-4A82-9E8E-57FAB9C344A7}.Ad-Hoc|iPhoneSimulator.Build.0 = Release|Any CPU
		{B8709319-43EE-4A82-9E8E-57FAB9C344A7}.Ad-Hoc|iPhoneSimulator.Deploy.0 = Release|Any CPU
		{B8709319-43EE-4A82-9E8E-57FAB9C344A7}.AppStore|Any CPU.ActiveCfg = Release|Any CPU
		{B8709319-43EE-4A82-9E8E-57FAB9C344A7}.AppStore|Any CPU.Build.0 = Release|Any CPU
		{B8709319-43EE-4A82-9E8E-57FAB9C344A7}.AppStore|Any CPU.Deploy.0 = Release|Any CPU
		{B8709319-43EE-4A82-9E8E-57FAB9C344A7}.AppStore|iPhone.ActiveCfg = Release|Any CPU
		{B8709319-43EE-4A82-9E8E-57FAB9C344A7}.AppStore|iPhone.Build.0 = Release|Any CPU
		{B8709319-43EE-4A82-9E8E-57FAB9C344A7}.AppStore|iPhone.Deploy.0 = Release|Any CPU
		{B8709319-43EE-4A82-9E8E-57FAB9C344A7}.AppStore|iPhoneSimulator.ActiveCfg = Release|Any CPU
		{B8709319-43EE-4A82-9E8E-57FAB9C344A7}.AppStore|iPhoneSimulator.Build.0 = Release|Any CPU
		{B8709319-43EE-4A82-9E8E-57FAB9C344A7}.AppStore|iPhoneSimulator.Deploy.0 = Release|Any CPU
		{B8709319-43EE-4A82-9E8E-57FAB9C344A7}.Debug|Any CPU.ActiveCfg = Debug|Any CPU
		{B8709319-43EE-4A82-9E8E-57FAB9C344A7}.Debug|Any CPU.Build.0 = Debug|Any CPU
		{B8709319-43EE-4A82-9E8E-57FAB9C344A7}.Debug|Any CPU.Deploy.0 = Debug|Any CPU
		{B8709319-43EE-4A82-9E8E-57FAB9C344A7}.Debug|iPhone.ActiveCfg = Debug|Any CPU
		{B8709319-43EE-4A82-9E8E-57FAB9C344A7}.Debug|iPhone.Build.0 = Debug|Any CPU
		{B8709319-43EE-4A82-9E8E-57FAB9C344A7}.Debug|iPhone.Deploy.0 = Debug|Any CPU
		{B8709319-43EE-4A82-9E8E-57FAB9C344A7}.Debug|iPhoneSimulator.ActiveCfg = Debug|Any CPU
		{B8709319-43EE-4A82-9E8E-57FAB9C344A7}.Debug|iPhoneSimulator.Build.0 = Debug|Any CPU
		{B8709319-43EE-4A82-9E8E-57FAB9C344A7}.Debug|iPhoneSimulator.Deploy.0 = Debug|Any CPU
		{B8709319-43EE-4A82-9E8E-57FAB9C344A7}.Release|Any CPU.ActiveCfg = Release|Any CPU
		{B8709319-43EE-4A82-9E8E-57FAB9C344A7}.Release|Any CPU.Build.0 = Release|Any CPU
		{B8709319-43EE-4A82-9E8E-57FAB9C344A7}.Release|Any CPU.Deploy.0 = Release|Any CPU
		{B8709319-43EE-4A82-9E8E-57FAB9C344A7}.Release|iPhone.ActiveCfg = Release|Any CPU
		{B8709319-43EE-4A82-9E8E-57FAB9C344A7}.Release|iPhone.Build.0 = Release|Any CPU
		{B8709319-43EE-4A82-9E8E-57FAB9C344A7}.Release|iPhone.Deploy.0 = Release|Any CPU
		{B8709319-43EE-4A82-9E8E-57FAB9C344A7}.Release|iPhoneSimulator.ActiveCfg = Release|Any CPU
		{B8709319-43EE-4A82-9E8E-57FAB9C344A7}.Release|iPhoneSimulator.Build.0 = Release|Any CPU
		{B8709319-43EE-4A82-9E8E-57FAB9C344A7}.Release|iPhoneSimulator.Deploy.0 = Release|Any CPU
		{0C216D7B-C66F-4DC0-AA65-3EE4290D5A36}.Ad-Hoc|Any CPU.ActiveCfg = Ad-Hoc|iPhone
		{0C216D7B-C66F-4DC0-AA65-3EE4290D5A36}.Ad-Hoc|Any CPU.Build.0 = Ad-Hoc|iPhone
		{0C216D7B-C66F-4DC0-AA65-3EE4290D5A36}.Ad-Hoc|Any CPU.Deploy.0 = Ad-Hoc|iPhone
		{0C216D7B-C66F-4DC0-AA65-3EE4290D5A36}.Ad-Hoc|iPhone.ActiveCfg = Ad-Hoc|iPhone
		{0C216D7B-C66F-4DC0-AA65-3EE4290D5A36}.Ad-Hoc|iPhone.Build.0 = Ad-Hoc|iPhone
		{0C216D7B-C66F-4DC0-AA65-3EE4290D5A36}.Ad-Hoc|iPhone.Deploy.0 = Ad-Hoc|iPhone
		{0C216D7B-C66F-4DC0-AA65-3EE4290D5A36}.Ad-Hoc|iPhoneSimulator.ActiveCfg = Ad-Hoc|iPhoneSimulator
		{0C216D7B-C66F-4DC0-AA65-3EE4290D5A36}.Ad-Hoc|iPhoneSimulator.Build.0 = Ad-Hoc|iPhoneSimulator
		{0C216D7B-C66F-4DC0-AA65-3EE4290D5A36}.Ad-Hoc|iPhoneSimulator.Deploy.0 = Ad-Hoc|iPhoneSimulator
		{0C216D7B-C66F-4DC0-AA65-3EE4290D5A36}.AppStore|Any CPU.ActiveCfg = AppStore|iPhone
		{0C216D7B-C66F-4DC0-AA65-3EE4290D5A36}.AppStore|Any CPU.Build.0 = AppStore|iPhone
		{0C216D7B-C66F-4DC0-AA65-3EE4290D5A36}.AppStore|Any CPU.Deploy.0 = AppStore|iPhone
		{0C216D7B-C66F-4DC0-AA65-3EE4290D5A36}.AppStore|iPhone.ActiveCfg = AppStore|iPhone
		{0C216D7B-C66F-4DC0-AA65-3EE4290D5A36}.AppStore|iPhone.Build.0 = AppStore|iPhone
		{0C216D7B-C66F-4DC0-AA65-3EE4290D5A36}.AppStore|iPhone.Deploy.0 = AppStore|iPhone
		{0C216D7B-C66F-4DC0-AA65-3EE4290D5A36}.AppStore|iPhoneSimulator.ActiveCfg = AppStore|iPhoneSimulator
		{0C216D7B-C66F-4DC0-AA65-3EE4290D5A36}.AppStore|iPhoneSimulator.Build.0 = AppStore|iPhoneSimulator
		{0C216D7B-C66F-4DC0-AA65-3EE4290D5A36}.AppStore|iPhoneSimulator.Deploy.0 = AppStore|iPhoneSimulator
		{0C216D7B-C66F-4DC0-AA65-3EE4290D5A36}.Debug|Any CPU.ActiveCfg = Debug|iPhoneSimulator
		{0C216D7B-C66F-4DC0-AA65-3EE4290D5A36}.Debug|Any CPU.Build.0 = Debug|iPhoneSimulator
		{0C216D7B-C66F-4DC0-AA65-3EE4290D5A36}.Debug|Any CPU.Deploy.0 = Debug|iPhoneSimulator
		{0C216D7B-C66F-4DC0-AA65-3EE4290D5A36}.Debug|iPhone.ActiveCfg = Debug|iPhone
		{0C216D7B-C66F-4DC0-AA65-3EE4290D5A36}.Debug|iPhone.Build.0 = Debug|iPhone
		{0C216D7B-C66F-4DC0-AA65-3EE4290D5A36}.Debug|iPhone.Deploy.0 = Debug|iPhone
		{0C216D7B-C66F-4DC0-AA65-3EE4290D5A36}.Debug|iPhoneSimulator.ActiveCfg = Debug|iPhoneSimulator
		{0C216D7B-C66F-4DC0-AA65-3EE4290D5A36}.Debug|iPhoneSimulator.Build.0 = Debug|iPhoneSimulator
		{0C216D7B-C66F-4DC0-AA65-3EE4290D5A36}.Debug|iPhoneSimulator.Deploy.0 = Debug|iPhoneSimulator
		{0C216D7B-C66F-4DC0-AA65-3EE4290D5A36}.Release|Any CPU.ActiveCfg = Release|iPhone
		{0C216D7B-C66F-4DC0-AA65-3EE4290D5A36}.Release|Any CPU.Build.0 = Release|iPhone
		{0C216D7B-C66F-4DC0-AA65-3EE4290D5A36}.Release|Any CPU.Deploy.0 = Release|iPhone
		{0C216D7B-C66F-4DC0-AA65-3EE4290D5A36}.Release|iPhone.ActiveCfg = Release|iPhone
		{0C216D7B-C66F-4DC0-AA65-3EE4290D5A36}.Release|iPhone.Build.0 = Release|iPhone
		{0C216D7B-C66F-4DC0-AA65-3EE4290D5A36}.Release|iPhone.Deploy.0 = Release|iPhone
		{0C216D7B-C66F-4DC0-AA65-3EE4290D5A36}.Release|iPhoneSimulator.ActiveCfg = Release|iPhoneSimulator
		{0C216D7B-C66F-4DC0-AA65-3EE4290D5A36}.Release|iPhoneSimulator.Build.0 = Release|iPhoneSimulator
		{0C216D7B-C66F-4DC0-AA65-3EE4290D5A36}.Release|iPhoneSimulator.Deploy.0 = Release|iPhoneSimulator
		{A23F6387-05B7-4616-9ADD-B7E608D5EB78}.Ad-Hoc|Any CPU.ActiveCfg = Debug|Any CPU
		{A23F6387-05B7-4616-9ADD-B7E608D5EB78}.Ad-Hoc|Any CPU.Build.0 = Debug|Any CPU
		{A23F6387-05B7-4616-9ADD-B7E608D5EB78}.Ad-Hoc|Any CPU.Deploy.0 = Debug|Any CPU
		{A23F6387-05B7-4616-9ADD-B7E608D5EB78}.Ad-Hoc|iPhone.ActiveCfg = Debug|Any CPU
		{A23F6387-05B7-4616-9ADD-B7E608D5EB78}.Ad-Hoc|iPhone.Build.0 = Debug|Any CPU
		{A23F6387-05B7-4616-9ADD-B7E608D5EB78}.Ad-Hoc|iPhone.Deploy.0 = Debug|Any CPU
		{A23F6387-05B7-4616-9ADD-B7E608D5EB78}.Ad-Hoc|iPhoneSimulator.ActiveCfg = Debug|Any CPU
		{A23F6387-05B7-4616-9ADD-B7E608D5EB78}.Ad-Hoc|iPhoneSimulator.Build.0 = Debug|Any CPU
		{A23F6387-05B7-4616-9ADD-B7E608D5EB78}.Ad-Hoc|iPhoneSimulator.Deploy.0 = Debug|Any CPU
		{A23F6387-05B7-4616-9ADD-B7E608D5EB78}.AppStore|Any CPU.ActiveCfg = Debug|Any CPU
		{A23F6387-05B7-4616-9ADD-B7E608D5EB78}.AppStore|Any CPU.Build.0 = Debug|Any CPU
		{A23F6387-05B7-4616-9ADD-B7E608D5EB78}.AppStore|Any CPU.Deploy.0 = Debug|Any CPU
		{A23F6387-05B7-4616-9ADD-B7E608D5EB78}.AppStore|iPhone.ActiveCfg = Debug|Any CPU
		{A23F6387-05B7-4616-9ADD-B7E608D5EB78}.AppStore|iPhone.Build.0 = Debug|Any CPU
		{A23F6387-05B7-4616-9ADD-B7E608D5EB78}.AppStore|iPhone.Deploy.0 = Debug|Any CPU
		{A23F6387-05B7-4616-9ADD-B7E608D5EB78}.AppStore|iPhoneSimulator.ActiveCfg = Debug|Any CPU
		{A23F6387-05B7-4616-9ADD-B7E608D5EB78}.AppStore|iPhoneSimulator.Build.0 = Debug|Any CPU
		{A23F6387-05B7-4616-9ADD-B7E608D5EB78}.AppStore|iPhoneSimulator.Deploy.0 = Debug|Any CPU
		{A23F6387-05B7-4616-9ADD-B7E608D5EB78}.Debug|Any CPU.ActiveCfg = Debug|Any CPU
		{A23F6387-05B7-4616-9ADD-B7E608D5EB78}.Debug|Any CPU.Build.0 = Debug|Any CPU
		{A23F6387-05B7-4616-9ADD-B7E608D5EB78}.Debug|Any CPU.Deploy.0 = Debug|Any CPU
		{A23F6387-05B7-4616-9ADD-B7E608D5EB78}.Debug|iPhone.ActiveCfg = Debug|Any CPU
		{A23F6387-05B7-4616-9ADD-B7E608D5EB78}.Debug|iPhone.Build.0 = Debug|Any CPU
		{A23F6387-05B7-4616-9ADD-B7E608D5EB78}.Debug|iPhone.Deploy.0 = Debug|Any CPU
		{A23F6387-05B7-4616-9ADD-B7E608D5EB78}.Debug|iPhoneSimulator.ActiveCfg = Debug|Any CPU
		{A23F6387-05B7-4616-9ADD-B7E608D5EB78}.Debug|iPhoneSimulator.Build.0 = Debug|Any CPU
		{A23F6387-05B7-4616-9ADD-B7E608D5EB78}.Debug|iPhoneSimulator.Deploy.0 = Debug|Any CPU
		{A23F6387-05B7-4616-9ADD-B7E608D5EB78}.Release|Any CPU.ActiveCfg = Release|Any CPU
		{A23F6387-05B7-4616-9ADD-B7E608D5EB78}.Release|Any CPU.Build.0 = Release|Any CPU
		{A23F6387-05B7-4616-9ADD-B7E608D5EB78}.Release|Any CPU.Deploy.0 = Release|Any CPU
		{A23F6387-05B7-4616-9ADD-B7E608D5EB78}.Release|iPhone.ActiveCfg = Release|Any CPU
		{A23F6387-05B7-4616-9ADD-B7E608D5EB78}.Release|iPhone.Build.0 = Release|Any CPU
		{A23F6387-05B7-4616-9ADD-B7E608D5EB78}.Release|iPhone.Deploy.0 = Release|Any CPU
		{A23F6387-05B7-4616-9ADD-B7E608D5EB78}.Release|iPhoneSimulator.ActiveCfg = Release|Any CPU
		{A23F6387-05B7-4616-9ADD-B7E608D5EB78}.Release|iPhoneSimulator.Build.0 = Release|Any CPU
		{A23F6387-05B7-4616-9ADD-B7E608D5EB78}.Release|iPhoneSimulator.Deploy.0 = Release|Any CPU
	EndGlobalSection
	GlobalSection(SolutionProperties) = preSolution
		HideSolutionNode = FALSE
	EndGlobalSection
	GlobalSection(ExtensibilityGlobals) = postSolution
		SolutionGuid = {CA42490E-070E-41A7-BEF7-59518820CD6E}
	EndGlobalSection
EndGlobal
